
Microsoft Visual Studio Solution File, Format Version 12.00
# Visual Studio Version 16
VisualStudioVersion = 16.0.30204.135
MinimumVisualStudioVersion = 10.0.40219.1
Project("{FAE04EC0-301F-11D3-BF4B-00C04F79EFBC}") = "GestionBienes", "GestionBienes.csproj", "{EC28435E-93E1-4099-B78D-A5C93511936E}"
EndProject
Global
	GlobalSection(SolutionConfigurationPlatforms) = preSolution
		Debug|Any CPU = Debug|Any CPU
		Release|Any CPU = Release|Any CPU
	EndGlobalSection
	GlobalSection(ProjectConfigurationPlatforms) = postSolution
		{EC28435E-93E1-4099-B78D-A5C93511936E}.Debug|Any CPU.ActiveCfg = Debug|Any CPU
		{EC28435E-93E1-4099-B78D-A5C93511936E}.Debug|Any CPU.Build.0 = Debug|Any CPU
		{EC28435E-93E1-4099-B78D-A5C93511936E}.Release|Any CPU.ActiveCfg = Release|Any CPU
		{EC28435E-93E1-4099-B78D-A5C93511936E}.Release|Any CPU.Build.0 = Release|Any CPU
	EndGlobalSection
	GlobalSection(SolutionProperties) = preSolution
		HideSolutionNode = FALSE
	EndGlobalSection
	GlobalSection(ExtensibilityGlobals) = postSolution
		SolutionGuid = {79A05A6A-729B-4BE0-8ED4-4DC75B78485A}
	EndGlobalSection
EndGlobal
